// !$*UTF8*$!
{
	archiveVersion = 1;
	classes = {
	};
	objectVersion = 46;
	objects = {

/* Begin PBXBuildFile section */
		66E25D230EC0A289C6F6AB19 /* libPods.a in Frameworks */ = {isa = PBXBuildFile; fileRef = 17D83D91135848C1D4B87086 /* libPods.a */; };
		67038E9F1D5EDF57007CC8CD /* AppDelegate.swift in Sources */ = {isa = PBXBuildFile; fileRef = 67038E9E1D5EDF57007CC8CD /* AppDelegate.swift */; };
		67038EA11D5EDF57007CC8CD /* ViewController.swift in Sources */ = {isa = PBXBuildFile; fileRef = 67038EA01D5EDF57007CC8CD /* ViewController.swift */; };
		67038EA41D5EDF58007CC8CD /* Main.storyboard in Resources */ = {isa = PBXBuildFile; fileRef = 67038EA21D5EDF58007CC8CD /* Main.storyboard */; };
		67038EA61D5EDF58007CC8CD /* Assets.xcassets in Resources */ = {isa = PBXBuildFile; fileRef = 67038EA51D5EDF58007CC8CD /* Assets.xcassets */; };
		67038EA91D5EDF58007CC8CD /* LaunchScreen.storyboard in Resources */ = {isa = PBXBuildFile; fileRef = 67038EA71D5EDF58007CC8CD /* LaunchScreen.storyboard */; };
		67038EB11D5EE101007CC8CD /* Constants.swift in Sources */ = {isa = PBXBuildFile; fileRef = 67038EB01D5EE101007CC8CD /* Constants.swift */; };
		67038EB31D5EE266007CC8CD /* SearchViewController.swift in Sources */ = {isa = PBXBuildFile; fileRef = 67038EB21D5EE266007CC8CD /* SearchViewController.swift */; };
		67038EB61D5EE2FF007CC8CD /* UIViewController+NavChallenge.swift in Sources */ = {isa = PBXBuildFile; fileRef = 67038EB51D5EE2FF007CC8CD /* UIViewController+NavChallenge.swift */; };
		67038EBD1D5EF0B9007CC8CD /* Movie.swift in Sources */ = {isa = PBXBuildFile; fileRef = 67038EBC1D5EF0B9007CC8CD /* Movie.swift */; };
		67038EBF1D601ABE007CC8CD /* NSData+NavChallenge.swift in Sources */ = {isa = PBXBuildFile; fileRef = 67038EBE1D601ABE007CC8CD /* NSData+NavChallenge.swift */; };
		67038EC21D617BCA007CC8CD /* DetailViewController.swift in Sources */ = {isa = PBXBuildFile; fileRef = 67038EC11D617BCA007CC8CD /* DetailViewController.swift */; };
		67038EC51D61830F007CC8CD /* AlertController.swift in Sources */ = {isa = PBXBuildFile; fileRef = 67038EC41D61830F007CC8CD /* AlertController.swift */; };
		67038EC71D620283007CC8CD /* UIView+NavChallenge.swift in Sources */ = {isa = PBXBuildFile; fileRef = 67038EC61D620283007CC8CD /* UIView+NavChallenge.swift */; };
		67038ECB1D6242B8007CC8CD /* UIFont+SytemFontOverride.m in Sources */ = {isa = PBXBuildFile; fileRef = 67038ECA1D6242B8007CC8CD /* UIFont+SytemFontOverride.m */; };
		67038ECD1D62AF81007CC8CD /* NavigationController.swift in Sources */ = {isa = PBXBuildFile; fileRef = 67038ECC1D62AF81007CC8CD /* NavigationController.swift */; };
		67038ED01D62B303007CC8CD /* UIImage+ImageEffects.m in Sources */ = {isa = PBXBuildFile; fileRef = 67038ECF1D62B303007CC8CD /* UIImage+ImageEffects.m */; };
		67038ED51D62C840007CC8CD /* SearchCollectionViewCell.swift in Sources */ = {isa = PBXBuildFile; fileRef = 67038ED41D62C840007CC8CD /* SearchCollectionViewCell.swift */; };
		67038ED71D62C90B007CC8CD /* UIDevice+NavChallenge.swift in Sources */ = {isa = PBXBuildFile; fileRef = 67038ED61D62C90B007CC8CD /* UIDevice+NavChallenge.swift */; };
		67038ED91D62E0C8007CC8CD /* MovieTrailer.swift in Sources */ = {isa = PBXBuildFile; fileRef = 67038ED81D62E0C8007CC8CD /* MovieTrailer.swift */; };
		67038EE41D62E918007CC8CD /* PlayTrailerViewController.swift in Sources */ = {isa = PBXBuildFile; fileRef = 67038EE31D62E918007CC8CD /* PlayTrailerViewController.swift */; };
		802409261DDE76C40055D6E4 /* test jaxon.swift in Sources */ = {isa = PBXBuildFile; fileRef = 802409251DDE76C40055D6E4 /* test jaxon.swift */; };
		802409291DDE76D50055D6E4 /* test.swift in Sources */ = {isa = PBXBuildFile; fileRef = 802409281DDE76D50055D6E4 /* test.swift */; };
/* End PBXBuildFile section */

/* Begin PBXFileReference section */
		17D83D91135848C1D4B87086 /* libPods.a */ = {isa = PBXFileReference; explicitFileType = archive.ar; includeInIndex = 0; path = libPods.a; sourceTree = BUILT_PRODUCTS_DIR; };
		67038E9B1D5EDF57007CC8CD /* NavChallenge.app */ = {isa = PBXFileReference; explicitFileType = wrapper.application; includeInIndex = 0; path = NavChallenge.app; sourceTree = BUILT_PRODUCTS_DIR; };
		67038E9E1D5EDF57007CC8CD /* AppDelegate.swift */ = {isa = PBXFileReference; lastKnownFileType = sourcecode.swift; path = AppDelegate.swift; sourceTree = "<group>"; };
		67038EA01D5EDF57007CC8CD /* ViewController.swift */ = {isa = PBXFileReference; lastKnownFileType = sourcecode.swift; path = ViewController.swift; sourceTree = "<group>"; };
		67038EA31D5EDF58007CC8CD /* Base */ = {isa = PBXFileReference; lastKnownFileType = file.storyboard; name = Base; path = Base.lproj/Main.storyboard; sourceTree = "<group>"; };
		67038EA51D5EDF58007CC8CD /* Assets.xcassets */ = {isa = PBXFileReference; lastKnownFileType = folder.assetcatalog; path = Assets.xcassets; sourceTree = "<group>"; };
		67038EA81D5EDF58007CC8CD /* Base */ = {isa = PBXFileReference; lastKnownFileType = file.storyboard; name = Base; path = Base.lproj/LaunchScreen.storyboard; sourceTree = "<group>"; };
		67038EAA1D5EDF58007CC8CD /* Info.plist */ = {isa = PBXFileReference; lastKnownFileType = text.plist.xml; path = Info.plist; sourceTree = "<group>"; };
		67038EB01D5EE101007CC8CD /* Constants.swift */ = {isa = PBXFileReference; fileEncoding = 4; lastKnownFileType = sourcecode.swift; path = Constants.swift; sourceTree = "<group>"; };
		67038EB21D5EE266007CC8CD /* SearchViewController.swift */ = {isa = PBXFileReference; fileEncoding = 4; lastKnownFileType = sourcecode.swift; path = SearchViewController.swift; sourceTree = "<group>"; };
		67038EB51D5EE2FF007CC8CD /* UIViewController+NavChallenge.swift */ = {isa = PBXFileReference; fileEncoding = 4; lastKnownFileType = sourcecode.swift; path = "UIViewController+NavChallenge.swift"; sourceTree = "<group>"; };
		67038EB71D5EE4C6007CC8CD /* bridge.h */ = {isa = PBXFileReference; lastKnownFileType = sourcecode.c.h; path = bridge.h; sourceTree = "<group>"; };
		67038EBC1D5EF0B9007CC8CD /* Movie.swift */ = {isa = PBXFileReference; fileEncoding = 4; lastKnownFileType = sourcecode.swift; path = Movie.swift; sourceTree = "<group>"; };
		67038EBE1D601ABE007CC8CD /* NSData+NavChallenge.swift */ = {isa = PBXFileReference; fileEncoding = 4; lastKnownFileType = sourcecode.swift; path = "NSData+NavChallenge.swift"; sourceTree = "<group>"; };
		67038EC11D617BCA007CC8CD /* DetailViewController.swift */ = {isa = PBXFileReference; fileEncoding = 4; lastKnownFileType = sourcecode.swift; path = DetailViewController.swift; sourceTree = "<group>"; };
		67038EC41D61830F007CC8CD /* AlertController.swift */ = {isa = PBXFileReference; fileEncoding = 4; lastKnownFileType = sourcecode.swift; path = AlertController.swift; sourceTree = "<group>"; };
		67038EC61D620283007CC8CD /* UIView+NavChallenge.swift */ = {isa = PBXFileReference; fileEncoding = 4; lastKnownFileType = sourcecode.swift; path = "UIView+NavChallenge.swift"; sourceTree = "<group>"; };
		67038EC91D6242B8007CC8CD /* UIFont+SytemFontOverride.h */ = {isa = PBXFileReference; fileEncoding = 4; lastKnownFileType = sourcecode.c.h; path = "UIFont+SytemFontOverride.h"; sourceTree = "<group>"; };
		67038ECA1D6242B8007CC8CD /* UIFont+SytemFontOverride.m */ = {isa = PBXFileReference; fileEncoding = 4; lastKnownFileType = sourcecode.c.objc; path = "UIFont+SytemFontOverride.m"; sourceTree = "<group>"; };
		67038ECC1D62AF81007CC8CD /* NavigationController.swift */ = {isa = PBXFileReference; fileEncoding = 4; lastKnownFileType = sourcecode.swift; path = NavigationController.swift; sourceTree = "<group>"; };
		67038ECE1D62B303007CC8CD /* UIImage+ImageEffects.h */ = {isa = PBXFileReference; fileEncoding = 4; lastKnownFileType = sourcecode.c.h; path = "UIImage+ImageEffects.h"; sourceTree = "<group>"; };
		67038ECF1D62B303007CC8CD /* UIImage+ImageEffects.m */ = {isa = PBXFileReference; fileEncoding = 4; lastKnownFileType = sourcecode.c.objc; path = "UIImage+ImageEffects.m"; sourceTree = "<group>"; };
		67038ED41D62C840007CC8CD /* SearchCollectionViewCell.swift */ = {isa = PBXFileReference; fileEncoding = 4; lastKnownFileType = sourcecode.swift; path = SearchCollectionViewCell.swift; sourceTree = "<group>"; };
		67038ED61D62C90B007CC8CD /* UIDevice+NavChallenge.swift */ = {isa = PBXFileReference; fileEncoding = 4; lastKnownFileType = sourcecode.swift; path = "UIDevice+NavChallenge.swift"; sourceTree = "<group>"; };
		67038ED81D62E0C8007CC8CD /* MovieTrailer.swift */ = {isa = PBXFileReference; fileEncoding = 4; lastKnownFileType = sourcecode.swift; path = MovieTrailer.swift; sourceTree = "<group>"; };
		67038EE31D62E918007CC8CD /* PlayTrailerViewController.swift */ = {isa = PBXFileReference; fileEncoding = 4; lastKnownFileType = sourcecode.swift; path = PlayTrailerViewController.swift; sourceTree = "<group>"; };
		7628A65A0BD0CC3A546D2437 /* Pods.debug.xcconfig */ = {isa = PBXFileReference; includeInIndex = 1; lastKnownFileType = text.xcconfig; name = Pods.debug.xcconfig; path = "Pods/Target Support Files/Pods/Pods.debug.xcconfig"; sourceTree = "<group>"; };
		802409251DDE76C40055D6E4 /* test jaxon.swift */ = {isa = PBXFileReference; fileEncoding = 4; lastKnownFileType = sourcecode.swift; path = "test jaxon.swift"; sourceTree = "<group>"; };
		802409281DDE76D50055D6E4 /* test.swift */ = {isa = PBXFileReference; fileEncoding = 4; lastKnownFileType = sourcecode.swift; path = test.swift; sourceTree = "<group>"; };
		F53C882EF0323371D9697532 /* Pods.release.xcconfig */ = {isa = PBXFileReference; includeInIndex = 1; lastKnownFileType = text.xcconfig; name = Pods.release.xcconfig; path = "Pods/Target Support Files/Pods/Pods.release.xcconfig"; sourceTree = "<group>"; };
/* End PBXFileReference section */

/* Begin PBXFrameworksBuildPhase section */
		67038E981D5EDF57007CC8CD /* Frameworks */ = {
			isa = PBXFrameworksBuildPhase;
			buildActionMask = 2147483647;
			files = (
				66E25D230EC0A289C6F6AB19 /* libPods.a in Frameworks */,
			);
			runOnlyForDeploymentPostprocessing = 0;
		};
/* End PBXFrameworksBuildPhase section */

/* Begin PBXGroup section */
		4CE4D23CEE782743F6CE5D9B /* Pods */ = {
			isa = PBXGroup;
			children = (
				7628A65A0BD0CC3A546D2437 /* Pods.debug.xcconfig */,
				F53C882EF0323371D9697532 /* Pods.release.xcconfig */,
			);
			name = Pods;
			sourceTree = "<group>";
		};
		656340920CD071C9198F9F14 /* Frameworks */ = {
			isa = PBXGroup;
			children = (
				17D83D91135848C1D4B87086 /* libPods.a */,
			);
			name = Frameworks;
			sourceTree = "<group>";
		};
		67038E921D5EDF57007CC8CD = {
			isa = PBXGroup;
			children = (
				67038E9D1D5EDF57007CC8CD /* NavChallenge */,
				67038E9C1D5EDF57007CC8CD /* Products */,
				4CE4D23CEE782743F6CE5D9B /* Pods */,
				656340920CD071C9198F9F14 /* Frameworks */,
			);
			sourceTree = "<group>";
		};
		67038E9C1D5EDF57007CC8CD /* Products */ = {
			isa = PBXGroup;
			children = (
				67038E9B1D5EDF57007CC8CD /* NavChallenge.app */,
			);
			name = Products;
			sourceTree = "<group>";
		};
		67038E9D1D5EDF57007CC8CD /* NavChallenge */ = {
			isa = PBXGroup;
			children = (
				67038ED11D62C810007CC8CD /* Sections */,
				67038EC31D6182BB007CC8CD /* View Controllers */,
				67038EA21D5EDF58007CC8CD /* Main.storyboard */,
				67038EB01D5EE101007CC8CD /* Constants.swift */,
				802409271DDE76C70055D6E4 /* test group jaxon */,
				67038E9E1D5EDF57007CC8CD /* AppDelegate.swift */,
				67038EA51D5EDF58007CC8CD /* Assets.xcassets */,
				67038EA71D5EDF58007CC8CD /* LaunchScreen.storyboard */,
				67038EAA1D5EDF58007CC8CD /* Info.plist */,
				67038EB91D5EF098007CC8CD /* Classes */,
				67038EB41D5EE2B6007CC8CD /* Extensions */,
			);
			path = NavChallenge;
			sourceTree = "<group>";
		};
		67038EB41D5EE2B6007CC8CD /* Extensions */ = {
			isa = PBXGroup;
			children = (
				67038EC61D620283007CC8CD /* UIView+NavChallenge.swift */,
				67038EB51D5EE2FF007CC8CD /* UIViewController+NavChallenge.swift */,
				67038ECE1D62B303007CC8CD /* UIImage+ImageEffects.h */,
				67038ECF1D62B303007CC8CD /* UIImage+ImageEffects.m */,
				67038EBE1D601ABE007CC8CD /* NSData+NavChallenge.swift */,
				67038EC91D6242B8007CC8CD /* UIFont+SytemFontOverride.h */,
				67038ECA1D6242B8007CC8CD /* UIFont+SytemFontOverride.m */,
				67038ED61D62C90B007CC8CD /* UIDevice+NavChallenge.swift */,
				67038EB71D5EE4C6007CC8CD /* bridge.h */,
			);
			name = Extensions;
			sourceTree = "<group>";
		};
		67038EB91D5EF098007CC8CD /* Classes */ = {
			isa = PBXGroup;
			children = (
				67038EBC1D5EF0B9007CC8CD /* Movie.swift */,
				802409251DDE76C40055D6E4 /* test jaxon.swift */,
				67038ED81D62E0C8007CC8CD /* MovieTrailer.swift */,
				67038ECC1D62AF81007CC8CD /* NavigationController.swift */,
			);
			name = Classes;
			sourceTree = "<group>";
		};
		67038EC31D6182BB007CC8CD /* View Controllers */ = {
			isa = PBXGroup;
			children = (
				67038EA01D5EDF57007CC8CD /* ViewController.swift */,
				67038EC41D61830F007CC8CD /* AlertController.swift */,
			);
			name = "View Controllers";
			sourceTree = "<group>";
		};
		67038ED11D62C810007CC8CD /* Sections */ = {
			isa = PBXGroup;
			children = (
				67038EE21D62E8B3007CC8CD /* Play Trailer */,
				67038ED31D62C823007CC8CD /* Detail */,
				67038ED21D62C81E007CC8CD /* Search */,
			);
			name = Sections;
			sourceTree = "<group>";
		};
		67038ED21D62C81E007CC8CD /* Search */ = {
			isa = PBXGroup;
			children = (
				67038EB21D5EE266007CC8CD /* SearchViewController.swift */,
				67038ED41D62C840007CC8CD /* SearchCollectionViewCell.swift */,
			);
			name = Search;
			sourceTree = "<group>";
		};
		67038ED31D62C823007CC8CD /* Detail */ = {
			isa = PBXGroup;
			children = (
				67038EC11D617BCA007CC8CD /* DetailViewController.swift */,
			);
			name = Detail;
			sourceTree = "<group>";
		};
		67038EE21D62E8B3007CC8CD /* Play Trailer */ = {
			isa = PBXGroup;
			children = (
				67038EE31D62E918007CC8CD /* PlayTrailerViewController.swift */,
			);
			name = "Play Trailer";
			sourceTree = "<group>";
		};
		802409271DDE76C70055D6E4 /* test group jaxon */ = {
			isa = PBXGroup;
			children = (
				802409281DDE76D50055D6E4 /* test.swift */,
			);
			name = "test group jaxon";
			sourceTree = "<group>";
		};
/* End PBXGroup section */

/* Begin PBXNativeTarget section */
		67038E9A1D5EDF57007CC8CD /* NavChallenge */ = {
			isa = PBXNativeTarget;
			buildConfigurationList = 67038EAD1D5EDF58007CC8CD /* Build configuration list for PBXNativeTarget "NavChallenge" */;
			buildPhases = (
				05A809036BA46E6E8F318D6C /* Check Pods Manifest.lock */,
				67038E971D5EDF57007CC8CD /* Sources */,
				67038E981D5EDF57007CC8CD /* Frameworks */,
				67038E991D5EDF57007CC8CD /* Resources */,
				B975E479678F40C9B963682A /* Embed Pods Frameworks */,
				AEBF1516DBDEE3534CC977F0 /* Copy Pods Resources */,
			);
			buildRules = (
			);
			dependencies = (
			);
			name = NavChallenge;
			productName = NavChallenge;
			productReference = 67038E9B1D5EDF57007CC8CD /* NavChallenge.app */;
			productType = "com.apple.product-type.application";
		};
/* End PBXNativeTarget section */

/* Begin PBXProject section */
		67038E931D5EDF57007CC8CD /* Project object */ = {
			isa = PBXProject;
			attributes = {
				LastSwiftUpdateCheck = 0730;
				LastUpgradeCheck = 0730;
				ORGANIZATIONNAME = andertondev;
				TargetAttributes = {
					67038E9A1D5EDF57007CC8CD = {
						CreatedOnToolsVersion = 7.3;
						LastSwiftMigration = 0800;
					};
				};
			};
			buildConfigurationList = 67038E961D5EDF57007CC8CD /* Build configuration list for PBXProject "NavChallenge" */;
			compatibilityVersion = "Xcode 3.2";
			developmentRegion = English;
			hasScannedForEncodings = 0;
			knownRegions = (
				en,
				Base,
			);
			mainGroup = 67038E921D5EDF57007CC8CD;
			productRefGroup = 67038E9C1D5EDF57007CC8CD /* Products */;
			projectDirPath = "";
			projectRoot = "";
			targets = (
				67038E9A1D5EDF57007CC8CD /* NavChallenge */,
			);
		};
/* End PBXProject section */

/* Begin PBXResourcesBuildPhase section */
		67038E991D5EDF57007CC8CD /* Resources */ = {
			isa = PBXResourcesBuildPhase;
			buildActionMask = 2147483647;
			files = (
				67038EA91D5EDF58007CC8CD /* LaunchScreen.storyboard in Resources */,
				67038EA61D5EDF58007CC8CD /* Assets.xcassets in Resources */,
				67038EA41D5EDF58007CC8CD /* Main.storyboard in Resources */,
			);
			runOnlyForDeploymentPostprocessing = 0;
		};
/* End PBXResourcesBuildPhase section */

/* Begin PBXShellScriptBuildPhase section */
		05A809036BA46E6E8F318D6C /* Check Pods Manifest.lock */ = {
			isa = PBXShellScriptBuildPhase;
			buildActionMask = 2147483647;
			files = (
			);
			inputPaths = (
			);
			name = "Check Pods Manifest.lock";
			outputPaths = (
			);
			runOnlyForDeploymentPostprocessing = 0;
			shellPath = /bin/sh;
			shellScript = "diff \"${PODS_ROOT}/../Podfile.lock\" \"${PODS_ROOT}/Manifest.lock\" > /dev/null\nif [[ $? != 0 ]] ; then\n    cat << EOM\nerror: The sandbox is not in sync with the Podfile.lock. Run 'pod install' or update your CocoaPods installation.\nEOM\n    exit 1\nfi\n";
			showEnvVarsInLog = 0;
		};
		AEBF1516DBDEE3534CC977F0 /* Copy Pods Resources */ = {
			isa = PBXShellScriptBuildPhase;
			buildActionMask = 2147483647;
			files = (
			);
			inputPaths = (
			);
			name = "Copy Pods Resources";
			outputPaths = (
			);
			runOnlyForDeploymentPostprocessing = 0;
			shellPath = /bin/sh;
			shellScript = "\"${SRCROOT}/Pods/Target Support Files/Pods/Pods-resources.sh\"\n";
			showEnvVarsInLog = 0;
		};
		B975E479678F40C9B963682A /* Embed Pods Frameworks */ = {
			isa = PBXShellScriptBuildPhase;
			buildActionMask = 2147483647;
			files = (
			);
			inputPaths = (
			);
			name = "Embed Pods Frameworks";
			outputPaths = (
			);
			runOnlyForDeploymentPostprocessing = 0;
			shellPath = /bin/sh;
			shellScript = "\"${SRCROOT}/Pods/Target Support Files/Pods/Pods-frameworks.sh\"\n";
			showEnvVarsInLog = 0;
		};
/* End PBXShellScriptBuildPhase section */

/* Begin PBXSourcesBuildPhase section */
		67038E971D5EDF57007CC8CD /* Sources */ = {
			isa = PBXSourcesBuildPhase;
			buildActionMask = 2147483647;
			files = (
				67038ED91D62E0C8007CC8CD /* MovieTrailer.swift in Sources */,
				67038EBD1D5EF0B9007CC8CD /* Movie.swift in Sources */,
				67038ED01D62B303007CC8CD /* UIImage+ImageEffects.m in Sources */,
				67038ED71D62C90B007CC8CD /* UIDevice+NavChallenge.swift in Sources */,
				67038ECD1D62AF81007CC8CD /* NavigationController.swift in Sources */,
				67038EC51D61830F007CC8CD /* AlertController.swift in Sources */,
				67038EA11D5EDF57007CC8CD /* ViewController.swift in Sources */,
				802409291DDE76D50055D6E4 /* test.swift in Sources */,
				802409261DDE76C40055D6E4 /* test jaxon.swift in Sources */,
				67038EB61D5EE2FF007CC8CD /* UIViewController+NavChallenge.swift in Sources */,
				67038E9F1D5EDF57007CC8CD /* AppDelegate.swift in Sources */,
				67038EB31D5EE266007CC8CD /* SearchViewController.swift in Sources */,
				67038EC71D620283007CC8CD /* UIView+NavChallenge.swift in Sources */,
				67038ECB1D6242B8007CC8CD /* UIFont+SytemFontOverride.m in Sources */,
				67038EB11D5EE101007CC8CD /* Constants.swift in Sources */,
				67038EBF1D601ABE007CC8CD /* NSData+NavChallenge.swift in Sources */,
				67038ED51D62C840007CC8CD /* SearchCollectionViewCell.swift in Sources */,
				67038EE41D62E918007CC8CD /* PlayTrailerViewController.swift in Sources */,
				67038EC21D617BCA007CC8CD /* DetailViewController.swift in Sources */,
			);
			runOnlyForDeploymentPostprocessing = 0;
		};
/* End PBXSourcesBuildPhase section */

/* Begin PBXVariantGroup section */
		67038EA21D5EDF58007CC8CD /* Main.storyboard */ = {
			isa = PBXVariantGroup;
			children = (
				67038EA31D5EDF58007CC8CD /* Base */,
			);
			name = Main.storyboard;
			sourceTree = "<group>";
		};
		67038EA71D5EDF58007CC8CD /* LaunchScreen.storyboard */ = {
			isa = PBXVariantGroup;
			children = (
				67038EA81D5EDF58007CC8CD /* Base */,
			);
			name = LaunchScreen.storyboard;
			sourceTree = "<group>";
		};
/* End PBXVariantGroup section */

/* Begin XCBuildConfiguration section */
		67038EAB1D5EDF58007CC8CD /* Debug */ = {
			isa = XCBuildConfiguration;
			buildSettings = {
				ALWAYS_SEARCH_USER_PATHS = NO;
				CLANG_ANALYZER_NONNULL = YES;
				CLANG_CXX_LANGUAGE_STANDARD = "gnu++0x";
				CLANG_CXX_LIBRARY = "libc++";
				CLANG_ENABLE_MODULES = YES;
				CLANG_ENABLE_OBJC_ARC = YES;
				CLANG_WARN_BOOL_CONVERSION = YES;
				CLANG_WARN_CONSTANT_CONVERSION = YES;
				CLANG_WARN_DIRECT_OBJC_ISA_USAGE = YES_ERROR;
				CLANG_WARN_EMPTY_BODY = YES;
				CLANG_WARN_ENUM_CONVERSION = YES;
				CLANG_WARN_INT_CONVERSION = YES;
				CLANG_WARN_OBJC_ROOT_CLASS = YES_ERROR;
				CLANG_WARN_UNREACHABLE_CODE = YES;
				CLANG_WARN__DUPLICATE_METHOD_MATCH = YES;
				"CODE_SIGN_IDENTITY[sdk=iphoneos*]" = "iPhone Developer";
				COPY_PHASE_STRIP = NO;
				DEBUG_INFORMATION_FORMAT = dwarf;
				ENABLE_STRICT_OBJC_MSGSEND = YES;
				ENABLE_TESTABILITY = YES;
				GCC_C_LANGUAGE_STANDARD = gnu99;
				GCC_DYNAMIC_NO_PIC = NO;
				GCC_NO_COMMON_BLOCKS = YES;
				GCC_OPTIMIZATION_LEVEL = 0;
				GCC_PREPROCESSOR_DEFINITIONS = (
					"DEBUG=1",
					"$(inherited)",
				);
				GCC_WARN_64_TO_32_BIT_CONVERSION = YES;
				GCC_WARN_ABOUT_RETURN_TYPE = YES_ERROR;
				GCC_WARN_UNDECLARED_SELECTOR = YES;
				GCC_WARN_UNINITIALIZED_AUTOS = YES_AGGRESSIVE;
				GCC_WARN_UNUSED_FUNCTION = YES;
				GCC_WARN_UNUSED_VARIABLE = YES;
				IPHONEOS_DEPLOYMENT_TARGET = 9.3;
				MTL_ENABLE_DEBUG_INFO = YES;
				ONLY_ACTIVE_ARCH = YES;
				SDKROOT = iphoneos;
				SWIFT_OPTIMIZATION_LEVEL = "-Onone";
				TARGETED_DEVICE_FAMILY = "1,2";
			};
			name = Debug;
		};
		67038EAC1D5EDF58007CC8CD /* Release */ = {
			isa = XCBuildConfiguration;
			buildSettings = {
				ALWAYS_SEARCH_USER_PATHS = NO;
				CLANG_ANALYZER_NONNULL = YES;
				CLANG_CXX_LANGUAGE_STANDARD = "gnu++0x";
				CLANG_CXX_LIBRARY = "libc++";
				CLANG_ENABLE_MODULES = YES;
				CLANG_ENABLE_OBJC_ARC = YES;
				CLANG_WARN_BOOL_CONVERSION = YES;
				CLANG_WARN_CONSTANT_CONVERSION = YES;
				CLANG_WARN_DIRECT_OBJC_ISA_USAGE = YES_ERROR;
				CLANG_WARN_EMPTY_BODY = YES;
				CLANG_WARN_ENUM_CONVERSION = YES;
				CLANG_WARN_INT_CONVERSION = YES;
				CLANG_WARN_OBJC_ROOT_CLASS = YES_ERROR;
				CLANG_WARN_UNREACHABLE_CODE = YES;
				CLANG_WARN__DUPLICATE_METHOD_MATCH = YES;
				"CODE_SIGN_IDENTITY[sdk=iphoneos*]" = "iPhone Developer";
				COPY_PHASE_STRIP = NO;
				DEBUG_INFORMATION_FORMAT = "dwarf-with-dsym";
				ENABLE_NS_ASSERTIONS = NO;
				ENABLE_STRICT_OBJC_MSGSEND = YES;
				GCC_C_LANGUAGE_STANDARD = gnu99;
				GCC_NO_COMMON_BLOCKS = YES;
				GCC_WARN_64_TO_32_BIT_CONVERSION = YES;
				GCC_WARN_ABOUT_RETURN_TYPE = YES_ERROR;
				GCC_WARN_UNDECLARED_SELECTOR = YES;
				GCC_WARN_UNINITIALIZED_AUTOS = YES_AGGRESSIVE;
				GCC_WARN_UNUSED_FUNCTION = YES;
				GCC_WARN_UNUSED_VARIABLE = YES;
				IPHONEOS_DEPLOYMENT_TARGET = 9.3;
				MTL_ENABLE_DEBUG_INFO = NO;
				SDKROOT = iphoneos;
				TARGETED_DEVICE_FAMILY = "1,2";
				VALIDATE_PRODUCT = YES;
			};
			name = Release;
		};
		67038EAE1D5EDF58007CC8CD /* Debug */ = {
			isa = XCBuildConfiguration;
			baseConfigurationReference = 7628A65A0BD0CC3A546D2437 /* Pods.debug.xcconfig */;
			buildSettings = {
				ASSETCATALOG_COMPILER_APPICON_NAME = AppIcon;
				INFOPLIST_FILE = NavChallenge/Info.plist;
				LD_RUNPATH_SEARCH_PATHS = "$(inherited) @executable_path/Frameworks";
				PRODUCT_BUNDLE_IDENTIFIER = com.andertondev.NavChallenge;
				PRODUCT_NAME = "$(TARGET_NAME)";
				SWIFT_OBJC_BRIDGING_HEADER = NavChallenge/bridge.h;
				SWIFT_VERSION = 2.3;
			};
			name = Debug;
		};
		67038EAF1D5EDF58007CC8CD /* Release */ = {
			isa = XCBuildConfiguration;
			baseConfigurationReference = F53C882EF0323371D9697532 /* Pods.release.xcconfig */;
			buildSettings = {
				ASSETCATALOG_COMPILER_APPICON_NAME = AppIcon;
				INFOPLIST_FILE = NavChallenge/Info.plist;
				LD_RUNPATH_SEARCH_PATHS = "$(inherited) @executable_path/Frameworks";
				PRODUCT_BUNDLE_IDENTIFIER = com.andertondev.NavChallenge;
				PRODUCT_NAME = "$(TARGET_NAME)";
				SWIFT_OBJC_BRIDGING_HEADER = NavChallenge/bridge.h;
				SWIFT_VERSION = 2.3;
			};
			name = Release;
		};
/* End XCBuildConfiguration section */

/* Begin XCConfigurationList section */
		67038E961D5EDF57007CC8CD /* Build configuration list for PBXProject "NavChallenge" */ = {
			isa = XCConfigurationList;
			buildConfigurations = (
				67038EAB1D5EDF58007CC8CD /* Debug */,
				67038EAC1D5EDF58007CC8CD /* Release */,
			);
			defaultConfigurationIsVisible = 0;
			defaultConfigurationName = Release;
		};
		67038EAD1D5EDF58007CC8CD /* Build configuration list for PBXNativeTarget "NavChallenge" */ = {
			isa = XCConfigurationList;
			buildConfigurations = (
				67038EAE1D5EDF58007CC8CD /* Debug */,
				67038EAF1D5EDF58007CC8CD /* Release */,
			);
			defaultConfigurationIsVisible = 0;
			defaultConfigurationName = Release;
		};
/* End XCConfigurationList section */
	};
	rootObject = 67038E931D5EDF57007CC8CD /* Project object */;
}
